
Microsoft Visual Studio Solution File, Format Version 12.00
# Visual Studio Version 16
VisualStudioVersion = 16.0.29306.81
MinimumVisualStudioVersion = 10.0.40219.1
Project("{9A19103F-16F7-4668-BE54-9A1E7A4F7556}") = "NBA.Data", "NBA\NBA.Data.csproj", "{560F365C-EE7E-49BA-AADF-D177D5D0903F}"
EndProject
Project("{9A19103F-16F7-4668-BE54-9A1E7A4F7556}") = "NBA.Logic", "NBA.Logic\NBA.Logic.csproj", "{50756A96-B313-4854-97A5-A50E7D6ADE73}"
EndProject
Project("{9A19103F-16F7-4668-BE54-9A1E7A4F7556}") = "NBA.Repository", "NBA.Repository\NBA.Repository.csproj", "{EA8D2933-2F9F-4701-86FF-BD4883D3F26D}"
EndProject
Project("{9A19103F-16F7-4668-BE54-9A1E7A4F7556}") = "NBA.Web", "NBA.Web\NBA.Web.csproj", "{CC43D5B9-36E9-4DD3-B7DC-20C1F0656E83}"
EndProject
Project("{9A19103F-16F7-4668-BE54-9A1E7A4F7556}") = "NBA.WPFprog4hf", "NBA.WPFprog4HF4\NBA.WPFprog4hf.csproj", "{88211CD5-6F33-4DEB-A241-9792A48899FE}"
EndProject
Global
	GlobalSection(SolutionConfigurationPlatforms) = preSolution
		Debug|Any CPU = Debug|Any CPU
		Release|Any CPU = Release|Any CPU
	EndGlobalSection
	GlobalSection(ProjectConfigurationPlatforms) = postSolution
		{560F365C-EE7E-49BA-AADF-D177D5D0903F}.Debug|Any CPU.ActiveCfg = Debug|Any CPU
		{560F365C-EE7E-49BA-AADF-D177D5D0903F}.Debug|Any CPU.Build.0 = Debug|Any CPU
		{560F365C-EE7E-49BA-AADF-D177D5D0903F}.Release|Any CPU.ActiveCfg = Release|Any CPU
		{560F365C-EE7E-49BA-AADF-D177D5D0903F}.Release|Any CPU.Build.0 = Release|Any CPU
		{50756A96-B313-4854-97A5-A50E7D6ADE73}.Debug|Any CPU.ActiveCfg = Debug|Any CPU
		{50756A96-B313-4854-97A5-A50E7D6ADE73}.Debug|Any CPU.Build.0 = Debug|Any CPU
		{50756A96-B313-4854-97A5-A50E7D6ADE73}.Release|Any CPU.ActiveCfg = Release|Any CPU
		{50756A96-B313-4854-97A5-A50E7D6ADE73}.Release|Any CPU.Build.0 = Release|Any CPU
		{EA8D2933-2F9F-4701-86FF-BD4883D3F26D}.Debug|Any CPU.ActiveCfg = Debug|Any CPU
		{EA8D2933-2F9F-4701-86FF-BD4883D3F26D}.Debug|Any CPU.Build.0 = Debug|Any CPU
		{EA8D2933-2F9F-4701-86FF-BD4883D3F26D}.Release|Any CPU.ActiveCfg = Release|Any CPU
		{EA8D2933-2F9F-4701-86FF-BD4883D3F26D}.Release|Any CPU.Build.0 = Release|Any CPU
		{CC43D5B9-36E9-4DD3-B7DC-20C1F0656E83}.Debug|Any CPU.ActiveCfg = Debug|Any CPU
		{CC43D5B9-36E9-4DD3-B7DC-20C1F0656E83}.Debug|Any CPU.Build.0 = Debug|Any CPU
		{CC43D5B9-36E9-4DD3-B7DC-20C1F0656E83}.Release|Any CPU.ActiveCfg = Release|Any CPU
		{CC43D5B9-36E9-4DD3-B7DC-20C1F0656E83}.Release|Any CPU.Build.0 = Release|Any CPU
		{88211CD5-6F33-4DEB-A241-9792A48899FE}.Debug|Any CPU.ActiveCfg = Debug|Any CPU
		{88211CD5-6F33-4DEB-A241-9792A48899FE}.Debug|Any CPU.Build.0 = Debug|Any CPU
		{88211CD5-6F33-4DEB-A241-9792A48899FE}.Release|Any CPU.ActiveCfg = Release|Any CPU
		{88211CD5-6F33-4DEB-A241-9792A48899FE}.Release|Any CPU.Build.0 = Release|Any CPU
	EndGlobalSection
	GlobalSection(SolutionProperties) = preSolution
		HideSolutionNode = FALSE
	EndGlobalSection
	GlobalSection(ExtensibilityGlobals) = postSolution
		SolutionGuid = {AF1EF01B-AF3E-4D17-A9DB-A8448CC69B5D}
	EndGlobalSection
EndGlobal
